
Microsoft Visual Studio Solution File, Format Version 12.00
# Visual Studio Version 16
VisualStudioVersion = 16.0.30907.101
MinimumVisualStudioVersion = 10.0.40219.1
Project("{FAE04EC0-301F-11D3-BF4B-00C04F79EFBC}") = "TestareDelicio", "TestareDelicio\TestareDelicio.csproj", "{958BAF1C-963F-4A1B-9DB5-978EB4538E98}"
EndProject
Global
	GlobalSection(SolutionConfigurationPlatforms) = preSolution
		Debug|Any CPU = Debug|Any CPU
		Release|Any CPU = Release|Any CPU
	EndGlobalSection
	GlobalSection(ProjectConfigurationPlatforms) = postSolution
		{958BAF1C-963F-4A1B-9DB5-978EB4538E98}.Debug|Any CPU.ActiveCfg = Debug|Any CPU
		{958BAF1C-963F-4A1B-9DB5-978EB4538E98}.Debug|Any CPU.Build.0 = Debug|Any CPU
		{958BAF1C-963F-4A1B-9DB5-978EB4538E98}.Release|Any CPU.ActiveCfg = Release|Any CPU
		{958BAF1C-963F-4A1B-9DB5-978EB4538E98}.Release|Any CPU.Build.0 = Release|Any CPU
	EndGlobalSection
	GlobalSection(SolutionProperties) = preSolution
		HideSolutionNode = FALSE
	EndGlobalSection
	GlobalSection(ExtensibilityGlobals) = postSolution
		SolutionGuid = {223C3207-6053-45D8-9BE6-C84FB8D882CE}
	EndGlobalSection
EndGlobal
